
Microsoft Visual Studio Solution File, Format Version 12.00
# Visual Studio 15
VisualStudioVersion = 15.0.28307.757
MinimumVisualStudioVersion = 10.0.40219.1
Project("{FAE04EC0-301F-11D3-BF4B-00C04F79EFBC}") = "MonirEnterprise", "MonirEnterprise\MonirEnterprise.csproj", "{550F9FF5-B48D-401F-AC9F-1B2651611007}"
EndProject
Global
	GlobalSection(SolutionConfigurationPlatforms) = preSolution
		Debug|Any CPU = Debug|Any CPU
		Release|Any CPU = Release|Any CPU
	EndGlobalSection
	GlobalSection(ProjectConfigurationPlatforms) = postSolution
		{550F9FF5-B48D-401F-AC9F-1B2651611007}.Debug|Any CPU.ActiveCfg = Debug|Any CPU
		{550F9FF5-B48D-401F-AC9F-1B2651611007}.Debug|Any CPU.Build.0 = Debug|Any CPU
		{550F9FF5-B48D-401F-AC9F-1B2651611007}.Release|Any CPU.ActiveCfg = Release|Any CPU
		{550F9FF5-B48D-401F-AC9F-1B2651611007}.Release|Any CPU.Build.0 = Release|Any CPU
	EndGlobalSection
	GlobalSection(SolutionProperties) = preSolution
		HideSolutionNode = FALSE
	EndGlobalSection
	GlobalSection(ExtensibilityGlobals) = postSolution
		SolutionGuid = {C333C323-B567-471B-B76D-51FA502A6A90}
	EndGlobalSection
EndGlobal
